
Microsoft Visual Studio Solution File, Format Version 12.00
# Visual Studio Version 17
VisualStudioVersion = 17.5.002.0
MinimumVisualStudioVersion = 10.0.40219.1
Project("{9A19103F-16F7-4668-BE54-9A1E7A4F7556}") = "backend", "server\backend.csproj", "{AC08D556-C0A7-4A75-AC69-209AC9590D95}"
EndProject
Global
	GlobalSection(SolutionConfigurationPlatforms) = preSolution
		Debug|Any CPU = Debug|Any CPU
		Release|Any CPU = Release|Any CPU
	EndGlobalSection
	GlobalSection(ProjectConfigurationPlatforms) = postSolution
		{AC08D556-C0A7-4A75-AC69-209AC9590D95}.Debug|Any CPU.ActiveCfg = Debug|Any CPU
		{AC08D556-C0A7-4A75-AC69-209AC9590D95}.Debug|Any CPU.Build.0 = Debug|Any CPU
		{AC08D556-C0A7-4A75-AC69-209AC9590D95}.Release|Any CPU.ActiveCfg = Release|Any CPU
		{AC08D556-C0A7-4A75-AC69-209AC9590D95}.Release|Any CPU.Build.0 = Release|Any CPU
	EndGlobalSection
	GlobalSection(SolutionProperties) = preSolution
		HideSolutionNode = FALSE
	EndGlobalSection
	GlobalSection(ExtensibilityGlobals) = postSolution
		SolutionGuid = {7AF91741-3C55-4177-B6A2-099E4062DD37}
	EndGlobalSection
EndGlobal
